{
  "version": 1,
  "apiSha256": "90dd0a01642efaae002f93a3b3a2a731de76adf3b612cd8b89cbc449cd73579d",
  "catalogueSha256": "5c1b9565ef24b7028683d2f6d0f626949a9146adfe23641fdd05ca948e89b95e",
  "catalogueKeySetSha256": "487f4a21da435f2c1972fdbb6c3308ead8b29aef582e6cde63f1d1424886d66f",
  "catalogueEntries": 101
}
