{
  "version": 1,
  "apiSha256": "aa0e4db0b9962ad94253260436296c6558820ff27f1cdc6e9e79a05ab5b68f2b",
  "catalogueSha256": "5c1b9565ef24b7028683d2f6d0f626949a9146adfe23641fdd05ca948e89b95e",
  "catalogueKeySetSha256": "487f4a21da435f2c1972fdbb6c3308ead8b29aef582e6cde63f1d1424886d66f",
  "catalogueEntries": 101
}
