{
  "version": 1,
  "apiSha256": "90dd0a01642efaae002f93a3b3a2a731de76adf3b612cd8b89cbc449cd73579d",
  "catalogueSha256": "25b6f8e1a623d63ad4231dad250d6fc2b7825072c204a378abb91fab043d5dd0",
  "catalogueKeySetSha256": "4a8c513b506defff7fd5a94f5b69ba885348873e9b06983bf059d322d7151e8c",
  "catalogueEntries": 100
}
